// !$*UTF8*$!
{
	archiveVersion = 1;
	classes = {
	};
	objectVersion = 50;
	objects = {

/* Begin PBXBuildFile section */
		1F5171E02615319400514090 /* AppDelegate.swift in Sources */ = {isa = PBXBuildFile; fileRef = 1F5171DF2615319400514090 /* AppDelegate.swift */; };
		1F5171E22615319400514090 /* SceneDelegate.swift in Sources */ = {isa = PBXBuildFile; fileRef = 1F5171E12615319400514090 /* SceneDelegate.swift */; };
		1F5171E72615319400514090 /* Main.storyboard in Resources */ = {isa = PBXBuildFile; fileRef = 1F5171E52615319400514090 /* Main.storyboard */; };
		1F5171E92615319500514090 /* Assets.xcassets in Resources */ = {isa = PBXBuildFile; fileRef = 1F5171E82615319500514090 /* Assets.xcassets */; };
		1F5171EC2615319500514090 /* LaunchScreen.storyboard in Resources */ = {isa = PBXBuildFile; fileRef = 1F5171EA2615319500514090 /* LaunchScreen.storyboard */; };
		1F92E62A2630D6D8005257FC /* ChainedViewController.swift in Sources */ = {isa = PBXBuildFile; fileRef = 1F92E6292630D6D8005257FC /* ChainedViewController.swift */; };
		1FB657D3262CA51D00BF9155 /* BasicViewController.swift in Sources */ = {isa = PBXBuildFile; fileRef = 1FB657D2262CA51D00BF9155 /* BasicViewController.swift */; };
		1FB657D5262CAEB300BF9155 /* DrawerViewController.swift in Sources */ = {isa = PBXBuildFile; fileRef = 1FB657D4262CAEB300BF9155 /* DrawerViewController.swift */; };
		1FB657D7262D1AF400BF9155 /* ParallaxViewController.swift in Sources */ = {isa = PBXBuildFile; fileRef = 1FB657D6262D1AF400BF9155 /* ParallaxViewController.swift */; };
/* End PBXBuildFile section */

/* Begin PBXFileReference section */
		1F5171DC2615319400514090 /* Interactive Animations.app */ = {isa = PBXFileReference; explicitFileType = wrapper.application; includeInIndex = 0; path = "Interactive Animations.app"; sourceTree = BUILT_PRODUCTS_DIR; };
		1F5171DF2615319400514090 /* AppDelegate.swift */ = {isa = PBXFileReference; lastKnownFileType = sourcecode.swift; path = AppDelegate.swift; sourceTree = "<group>"; };
		1F5171E12615319400514090 /* SceneDelegate.swift */ = {isa = PBXFileReference; lastKnownFileType = sourcecode.swift; path = SceneDelegate.swift; sourceTree = "<group>"; };
		1F5171E62615319400514090 /* Base */ = {isa = PBXFileReference; lastKnownFileType = file.storyboard; name = Base; path = Base.lproj/Main.storyboard; sourceTree = "<group>"; };
		1F5171E82615319500514090 /* Assets.xcassets */ = {isa = PBXFileReference; lastKnownFileType = folder.assetcatalog; path = Assets.xcassets; sourceTree = "<group>"; };
		1F5171EB2615319500514090 /* Base */ = {isa = PBXFileReference; lastKnownFileType = file.storyboard; name = Base; path = Base.lproj/LaunchScreen.storyboard; sourceTree = "<group>"; };
		1F5171ED2615319500514090 /* Info.plist */ = {isa = PBXFileReference; lastKnownFileType = text.plist.xml; path = Info.plist; sourceTree = "<group>"; };
		1F92E6292630D6D8005257FC /* ChainedViewController.swift */ = {isa = PBXFileReference; lastKnownFileType = sourcecode.swift; path = ChainedViewController.swift; sourceTree = "<group>"; };
		1FB657D2262CA51D00BF9155 /* BasicViewController.swift */ = {isa = PBXFileReference; lastKnownFileType = sourcecode.swift; path = BasicViewController.swift; sourceTree = "<group>"; };
		1FB657D4262CAEB300BF9155 /* DrawerViewController.swift */ = {isa = PBXFileReference; lastKnownFileType = sourcecode.swift; path = DrawerViewController.swift; sourceTree = "<group>"; };
		1FB657D6262D1AF400BF9155 /* ParallaxViewController.swift */ = {isa = PBXFileReference; lastKnownFileType = sourcecode.swift; path = ParallaxViewController.swift; sourceTree = "<group>"; };
/* End PBXFileReference section */

/* Begin PBXFrameworksBuildPhase section */
		1F5171D92615319400514090 /* Frameworks */ = {
			isa = PBXFrameworksBuildPhase;
			buildActionMask = 2147483647;
			files = (
			);
			runOnlyForDeploymentPostprocessing = 0;
		};
/* End PBXFrameworksBuildPhase section */

/* Begin PBXGroup section */
		1F5171D32615319300514090 = {
			isa = PBXGroup;
			children = (
				1F5171DE2615319400514090 /* InteractiveAnimations */,
				1F5171DD2615319400514090 /* Products */,
			);
			sourceTree = "<group>";
		};
		1F5171DD2615319400514090 /* Products */ = {
			isa = PBXGroup;
			children = (
				1F5171DC2615319400514090 /* Interactive Animations.app */,
			);
			name = Products;
			sourceTree = "<group>";
		};
		1F5171DE2615319400514090 /* InteractiveAnimations */ = {
			isa = PBXGroup;
			children = (
				1F5171DF2615319400514090 /* AppDelegate.swift */,
				1F5171E12615319400514090 /* SceneDelegate.swift */,
				1F5171E52615319400514090 /* Main.storyboard */,
				1FB657D2262CA51D00BF9155 /* BasicViewController.swift */,
				1FB657D4262CAEB300BF9155 /* DrawerViewController.swift */,
				1FB657D6262D1AF400BF9155 /* ParallaxViewController.swift */,
				1F92E6292630D6D8005257FC /* ChainedViewController.swift */,
				1F5171E82615319500514090 /* Assets.xcassets */,
				1F5171EA2615319500514090 /* LaunchScreen.storyboard */,
				1F5171ED2615319500514090 /* Info.plist */,
			);
			path = InteractiveAnimations;
			sourceTree = "<group>";
		};
/* End PBXGroup section */

/* Begin PBXNativeTarget section */
		1F5171DB2615319400514090 /* InteractiveAnimations */ = {
			isa = PBXNativeTarget;
			buildConfigurationList = 1F5171F02615319500514090 /* Build configuration list for PBXNativeTarget "InteractiveAnimations" */;
			buildPhases = (
				1F5171D82615319400514090 /* Sources */,
				1F5171D92615319400514090 /* Frameworks */,
				1F5171DA2615319400514090 /* Resources */,
			);
			buildRules = (
			);
			dependencies = (
			);
			name = InteractiveAnimations;
			productName = "Interactive Animations";
			productReference = 1F5171DC2615319400514090 /* Interactive Animations.app */;
			productType = "com.apple.product-type.application";
		};
/* End PBXNativeTarget section */

/* Begin PBXProject section */
		1F5171D42615319300514090 /* Project object */ = {
			isa = PBXProject;
			attributes = {
				LastSwiftUpdateCheck = 1130;
				LastUpgradeCheck = 1130;
				ORGANIZATIONNAME = "Ricardo de Carvalho";
				TargetAttributes = {
					1F5171DB2615319400514090 = {
						CreatedOnToolsVersion = 11.3.1;
					};
				};
			};
			buildConfigurationList = 1F5171D72615319300514090 /* Build configuration list for PBXProject "InteractiveAnimations" */;
			compatibilityVersion = "Xcode 9.3";
			developmentRegion = en;
			hasScannedForEncodings = 0;
			knownRegions = (
				en,
				Base,
			);
			mainGroup = 1F5171D32615319300514090;
			productRefGroup = 1F5171DD2615319400514090 /* Products */;
			projectDirPath = "";
			projectRoot = "";
			targets = (
				1F5171DB2615319400514090 /* InteractiveAnimations */,
			);
		};
/* End PBXProject section */

/* Begin PBXResourcesBuildPhase section */
		1F5171DA2615319400514090 /* Resources */ = {
			isa = PBXResourcesBuildPhase;
			buildActionMask = 2147483647;
			files = (
				1F5171EC2615319500514090 /* LaunchScreen.storyboard in Resources */,
				1F5171E92615319500514090 /* Assets.xcassets in Resources */,
				1F5171E72615319400514090 /* Main.storyboard in Resources */,
			);
			runOnlyForDeploymentPostprocessing = 0;
		};
/* End PBXResourcesBuildPhase section */

/* Begin PBXSourcesBuildPhase section */
		1F5171D82615319400514090 /* Sources */ = {
			isa = PBXSourcesBuildPhase;
			buildActionMask = 2147483647;
			files = (
				1FB657D7262D1AF400BF9155 /* ParallaxViewController.swift in Sources */,
				1F5171E02615319400514090 /* AppDelegate.swift in Sources */,
				1FB657D5262CAEB300BF9155 /* DrawerViewController.swift in Sources */,
				1FB657D3262CA51D00BF9155 /* BasicViewController.swift in Sources */,
				1F5171E22615319400514090 /* SceneDelegate.swift in Sources */,
				1F92E62A2630D6D8005257FC /* ChainedViewController.swift in Sources */,
			);
			runOnlyForDeploymentPostprocessing = 0;
		};
/* End PBXSourcesBuildPhase section */

/* Begin PBXVariantGroup section */
		1F5171E52615319400514090 /* Main.storyboard */ = {
			isa = PBXVariantGroup;
			children = (
				1F5171E62615319400514090 /* Base */,
			);
			name = Main.storyboard;
			sourceTree = "<group>";
		};
		1F5171EA2615319500514090 /* LaunchScreen.storyboard */ = {
			isa = PBXVariantGroup;
			children = (
				1F5171EB2615319500514090 /* Base */,
			);
			name = LaunchScreen.storyboard;
			sourceTree = "<group>";
		};
/* End PBXVariantGroup section */

/* Begin XCBuildConfiguration section */
		1F5171EE2615319500514090 /* Debug */ = {
			isa = XCBuildConfiguration;
			buildSettings = {
				ALWAYS_SEARCH_USER_PATHS = NO;
				CLANG_ANALYZER_NONNULL = YES;
				CLANG_ANALYZER_NUMBER_OBJECT_CONVERSION = YES_AGGRESSIVE;
				CLANG_CXX_LANGUAGE_STANDARD = "gnu++14";
				CLANG_CXX_LIBRARY = "libc++";
				CLANG_ENABLE_MODULES = YES;
				CLANG_ENABLE_OBJC_ARC = YES;
				CLANG_ENABLE_OBJC_WEAK = YES;
				CLANG_WARN_BLOCK_CAPTURE_AUTORELEASING = YES;
				CLANG_WARN_BOOL_CONVERSION = YES;
				CLANG_WARN_COMMA = YES;
				CLANG_WARN_CONSTANT_CONVERSION = YES;
				CLANG_WARN_DEPRECATED_OBJC_IMPLEMENTATIONS = YES;
				CLANG_WARN_DIRECT_OBJC_ISA_USAGE = YES_ERROR;
				CLANG_WARN_DOCUMENTATION_COMMENTS = YES;
				CLANG_WARN_EMPTY_BODY = YES;
				CLANG_WARN_ENUM_CONVERSION = YES;
				CLANG_WARN_INFINITE_RECURSION = YES;
				CLANG_WARN_INT_CONVERSION = YES;
				CLANG_WARN_NON_LITERAL_NULL_CONVERSION = YES;
				CLANG_WARN_OBJC_IMPLICIT_RETAIN_SELF = YES;
				CLANG_WARN_OBJC_LITERAL_CONVERSION = YES;
				CLANG_WARN_OBJC_ROOT_CLASS = YES_ERROR;
				CLANG_WARN_RANGE_LOOP_ANALYSIS = YES;
				CLANG_WARN_STRICT_PROTOTYPES = YES;
				CLANG_WARN_SUSPICIOUS_MOVE = YES;
				CLANG_WARN_UNGUARDED_AVAILABILITY = YES_AGGRESSIVE;
				CLANG_WARN_UNREACHABLE_CODE = YES;
				CLANG_WARN__DUPLICATE_METHOD_MATCH = YES;
				COPY_PHASE_STRIP = NO;
				DEBUG_INFORMATION_FORMAT = dwarf;
				ENABLE_STRICT_OBJC_MSGSEND = YES;
				ENABLE_TESTABILITY = YES;
				GCC_C_LANGUAGE_STANDARD = gnu11;
				GCC_DYNAMIC_NO_PIC = NO;
				GCC_NO_COMMON_BLOCKS = YES;
				GCC_OPTIMIZATION_LEVEL = 0;
				GCC_PREPROCESSOR_DEFINITIONS = (
					"DEBUG=1",
					"$(inherited)",
				);
				GCC_WARN_64_TO_32_BIT_CONVERSION = YES;
				GCC_WARN_ABOUT_RETURN_TYPE = YES_ERROR;
				GCC_WARN_UNDECLARED_SELECTOR = YES;
				GCC_WARN_UNINITIALIZED_AUTOS = YES_AGGRESSIVE;
				GCC_WARN_UNUSED_FUNCTION = YES;
				GCC_WARN_UNUSED_VARIABLE = YES;
				IPHONEOS_DEPLOYMENT_TARGET = 13.2;
				MTL_ENABLE_DEBUG_INFO = INCLUDE_SOURCE;
				MTL_FAST_MATH = YES;
				ONLY_ACTIVE_ARCH = YES;
				SDKROOT = iphoneos;
				SWIFT_ACTIVE_COMPILATION_CONDITIONS = DEBUG;
				SWIFT_OPTIMIZATION_LEVEL = "-Onone";
			};
			name = Debug;
		};
		1F5171EF2615319500514090 /* Release */ = {
			isa = XCBuildConfiguration;
			buildSettings = {
				ALWAYS_SEARCH_USER_PATHS = NO;
				CLANG_ANALYZER_NONNULL = YES;
				CLANG_ANALYZER_NUMBER_OBJECT_CONVERSION = YES_AGGRESSIVE;
				CLANG_CXX_LANGUAGE_STANDARD = "gnu++14";
				CLANG_CXX_LIBRARY = "libc++";
				CLANG_ENABLE_MODULES = YES;
				CLANG_ENABLE_OBJC_ARC = YES;
				CLANG_ENABLE_OBJC_WEAK = YES;
				CLANG_WARN_BLOCK_CAPTURE_AUTORELEASING = YES;
				CLANG_WARN_BOOL_CONVERSION = YES;
				CLANG_WARN_COMMA = YES;
				CLANG_WARN_CONSTANT_CONVERSION = YES;
				CLANG_WARN_DEPRECATED_OBJC_IMPLEMENTATIONS = YES;
				CLANG_WARN_DIRECT_OBJC_ISA_USAGE = YES_ERROR;
				CLANG_WARN_DOCUMENTATION_COMMENTS = YES;
				CLANG_WARN_EMPTY_BODY = YES;
				CLANG_WARN_ENUM_CONVERSION = YES;
				CLANG_WARN_INFINITE_RECURSION = YES;
				CLANG_WARN_INT_CONVERSION = YES;
				CLANG_WARN_NON_LITERAL_NULL_CONVERSION = YES;
				CLANG_WARN_OBJC_IMPLICIT_RETAIN_SELF = YES;
				CLANG_WARN_OBJC_LITERAL_CONVERSION = YES;
				CLANG_WARN_OBJC_ROOT_CLASS = YES_ERROR;
				CLANG_WARN_RANGE_LOOP_ANALYSIS = YES;
				CLANG_WARN_STRICT_PROTOTYPES = YES;
				CLANG_WARN_SUSPICIOUS_MOVE = YES;
				CLANG_WARN_UNGUARDED_AVAILABILITY = YES_AGGRESSIVE;
				CLANG_WARN_UNREACHABLE_CODE = YES;
				CLANG_WARN__DUPLICATE_METHOD_MATCH = YES;
				COPY_PHASE_STRIP = NO;
				DEBUG_INFORMATION_FORMAT = "dwarf-with-dsym";
				ENABLE_NS_ASSERTIONS = NO;
				ENABLE_STRICT_OBJC_MSGSEND = YES;
				GCC_C_LANGUAGE_STANDARD = gnu11;
				GCC_NO_COMMON_BLOCKS = YES;
				GCC_WARN_64_TO_32_BIT_CONVERSION = YES;
				GCC_WARN_ABOUT_RETURN_TYPE = YES_ERROR;
				GCC_WARN_UNDECLARED_SELECTOR = YES;
				GCC_WARN_UNINITIALIZED_AUTOS = YES_AGGRESSIVE;
				GCC_WARN_UNUSED_FUNCTION = YES;
				GCC_WARN_UNUSED_VARIABLE = YES;
				IPHONEOS_DEPLOYMENT_TARGET = 13.2;
				MTL_ENABLE_DEBUG_INFO = NO;
				MTL_FAST_MATH = YES;
				SDKROOT = iphoneos;
				SWIFT_COMPILATION_MODE = wholemodule;
				SWIFT_OPTIMIZATION_LEVEL = "-O";
				VALIDATE_PRODUCT = YES;
			};
			name = Release;
		};
		1F5171F12615319500514090 /* Debug */ = {
			isa = XCBuildConfiguration;
			buildSettings = {
				ASSETCATALOG_COMPILER_APPICON_NAME = AppIcon;
				CODE_SIGN_STYLE = Automatic;
				INFOPLIST_FILE = "$(SRCROOT)/InteractiveAnimations/Info.plist";
				LD_RUNPATH_SEARCH_PATHS = (
					"$(inherited)",
					"@executable_path/Frameworks",
				);
				PRODUCT_BUNDLE_IDENTIFIER = "com.ricarvalho.interactive-animations";
				PRODUCT_NAME = "Interactive Animations";
				SWIFT_VERSION = 5.0;
				TARGETED_DEVICE_FAMILY = "1,2";
			};
			name = Debug;
		};
		1F5171F22615319500514090 /* Release */ = {
			isa = XCBuildConfiguration;
			buildSettings = {
				ASSETCATALOG_COMPILER_APPICON_NAME = AppIcon;
				CODE_SIGN_STYLE = Automatic;
				INFOPLIST_FILE = "$(SRCROOT)/InteractiveAnimations/Info.plist";
				LD_RUNPATH_SEARCH_PATHS = (
					"$(inherited)",
					"@executable_path/Frameworks",
				);
				PRODUCT_BUNDLE_IDENTIFIER = "com.ricarvalho.interactive-animations";
				PRODUCT_NAME = "Interactive Animations";
				SWIFT_VERSION = 5.0;
				TARGETED_DEVICE_FAMILY = "1,2";
			};
			name = Release;
		};
/* End XCBuildConfiguration section */

/* Begin XCConfigurationList section */
		1F5171D72615319300514090 /* Build configuration list for PBXProject "InteractiveAnimations" */ = {
			isa = XCConfigurationList;
			buildConfigurations = (
				1F5171EE2615319500514090 /* Debug */,
				1F5171EF2615319500514090 /* Release */,
			);
			defaultConfigurationIsVisible = 0;
			defaultConfigurationName = Release;
		};
		1F5171F02615319500514090 /* Build configuration list for PBXNativeTarget "InteractiveAnimations" */ = {
			isa = XCConfigurationList;
			buildConfigurations = (
				1F5171F12615319500514090 /* Debug */,
				1F5171F22615319500514090 /* Release */,
			);
			defaultConfigurationIsVisible = 0;
			defaultConfigurationName = Release;
		};
/* End XCConfigurationList section */
	};
	rootObject = 1F5171D42615319300514090 /* Project object */;
}
